
Microsoft Visual Studio Solution File, Format Version 12.00
# Visual Studio Version 17
VisualStudioVersion = 17.11.35312.102
MinimumVisualStudioVersion = 10.0.40219.1
Project("{FAE04EC0-301F-11D3-BF4B-00C04F79EFBC}") = "MIDTERM OUTPUT", "MIDTERM OUTPUT\MIDTERM OUTPUT.csproj", "{168BD5F2-D769-4B86-91B1-FC3F60C072FD}"
EndProject
Global
	GlobalSection(SolutionConfigurationPlatforms) = preSolution
		Debug|Any CPU = Debug|Any CPU
		Release|Any CPU = Release|Any CPU
	EndGlobalSection
	GlobalSection(ProjectConfigurationPlatforms) = postSolution
		{168BD5F2-D769-4B86-91B1-FC3F60C072FD}.Debug|Any CPU.ActiveCfg = Debug|Any CPU
		{168BD5F2-D769-4B86-91B1-FC3F60C072FD}.Debug|Any CPU.Build.0 = Debug|Any CPU
		{168BD5F2-D769-4B86-91B1-FC3F60C072FD}.Release|Any CPU.ActiveCfg = Release|Any CPU
		{168BD5F2-D769-4B86-91B1-FC3F60C072FD}.Release|Any CPU.Build.0 = Release|Any CPU
	EndGlobalSection
	GlobalSection(SolutionProperties) = preSolution
		HideSolutionNode = FALSE
	EndGlobalSection
	GlobalSection(ExtensibilityGlobals) = postSolution
		SolutionGuid = {79815E8C-3C59-41F4-AFC2-37954EB2D2BF}
	EndGlobalSection
EndGlobal
